
Microsoft Visual Studio Solution File, Format Version 12.00
# Visual Studio 15
VisualStudioVersion = 15.0.27428.2015
MinimumVisualStudioVersion = 10.0.40219.1
Project("{FAE04EC0-301F-11D3-BF4B-00C04F79EFBC}") = "SearchWeb", "SearchWeb\SearchWeb.csproj", "{3EED19E7-4006-4F9B-BA53-C988137CB19F}"
EndProject
Global
	GlobalSection(SolutionConfigurationPlatforms) = preSolution
		Debug|Any CPU = Debug|Any CPU
		Release|Any CPU = Release|Any CPU
	EndGlobalSection
	GlobalSection(ProjectConfigurationPlatforms) = postSolution
		{3EED19E7-4006-4F9B-BA53-C988137CB19F}.Debug|Any CPU.ActiveCfg = Debug|Any CPU
		{3EED19E7-4006-4F9B-BA53-C988137CB19F}.Debug|Any CPU.Build.0 = Debug|Any CPU
		{3EED19E7-4006-4F9B-BA53-C988137CB19F}.Release|Any CPU.ActiveCfg = Release|Any CPU
		{3EED19E7-4006-4F9B-BA53-C988137CB19F}.Release|Any CPU.Build.0 = Release|Any CPU
	EndGlobalSection
	GlobalSection(SolutionProperties) = preSolution
		HideSolutionNode = FALSE
	EndGlobalSection
	GlobalSection(ExtensibilityGlobals) = postSolution
		SolutionGuid = {876C30E8-3EAF-49F7-B878-5840CA9BD057}
	EndGlobalSection
EndGlobal
